
Microsoft Visual Studio Solution File, Format Version 12.00
# Visual Studio 15
VisualStudioVersion = 15.0.26730.16
MinimumVisualStudioVersion = 10.0.40219.1
Project("{FAE04EC0-301F-11D3-BF4B-00C04F79EFBC}") = "ModBase", "ModBase\ModBase.csproj", "{9E1B8EDB-D954-4CBB-9D93-2A3981AD383D}"
EndProject
Global
	GlobalSection(SolutionConfigurationPlatforms) = preSolution
		Debug|Any CPU = Debug|Any CPU
		Release|Any CPU = Release|Any CPU
	EndGlobalSection
	GlobalSection(ProjectConfigurationPlatforms) = postSolution
		{9E1B8EDB-D954-4CBB-9D93-2A3981AD383D}.Debug|Any CPU.ActiveCfg = Debug|Any CPU
		{9E1B8EDB-D954-4CBB-9D93-2A3981AD383D}.Debug|Any CPU.Build.0 = Debug|Any CPU
		{9E1B8EDB-D954-4CBB-9D93-2A3981AD383D}.Release|Any CPU.ActiveCfg = Release|Any CPU
		{9E1B8EDB-D954-4CBB-9D93-2A3981AD383D}.Release|Any CPU.Build.0 = Release|Any CPU
	EndGlobalSection
	GlobalSection(SolutionProperties) = preSolution
		HideSolutionNode = FALSE
	EndGlobalSection
	GlobalSection(ExtensibilityGlobals) = postSolution
		SolutionGuid = {383B158F-2084-443B-99DF-08AFFA5622D9}
	EndGlobalSection
EndGlobal
